<?xml version="1.0" encoding="utf-8"?>
<Project ToolsVersion="4.0" xmlns="http://schemas.microsoft.com/developer/msbuild/2003">
  <ItemGroup>
    <Filter Include="ソース ファイル">
      <UniqueIdentifier>{4FC737F1-C7A5-4376-A066-2A32D752A2FF}</UniqueIdentifier>
      <Extensions>cpp;c;cc;cxx;c++;cppm;ixx;def;odl;idl;hpj;bat;asm;asmx</Extensions>
    </Filter>
    <Filter Include="ヘッダー ファイル">
      <UniqueIdentifier>{93995380-89BD-4b04-88EB-625FBE52EBFB}</UniqueIdentifier>
      <Extensions>h;hh;hpp;hxx;h++;hm;inl;inc;ipp;xsd</Extensions>
    </Filter>
    <Filter Include="リソース ファイル">
      <UniqueIdentifier>{67DA6AB6-F800-4c08-8B7A-83BB121AAD01}</UniqueIdentifier>
      <Extensions>rc;ico;cur;bmp;dlg;rc2;rct;bin;rgs;gif;jpg;jpeg;jpe;resx;tiff;tif;png;wav;mfcribbon-ms</Extensions>
    </Filter>
  </ItemGroup>
  <ItemGroup>
    <Image Include="11\Assets\Crosshair.png">
      <Filter>リソース ファイル</Filter>
    </Image>
    <Image Include="11\Assets\Cube.png">
      <Filter>リソース ファイル</Filter>
    </Image>
    <Image Include="11\Assets\Default.png">
      <Filter>リソース ファイル</Filter>
    </Image>
    <Image Include="11\Assets\HealthBar.png">
      <Filter>リソース ファイル</Filter>
    </Image>
    <Image Include="11\Assets\Plane.png">
      <Filter>リソース ファイル</Filter>
    </Image>
    <Image Include="11\Assets\RacingCar.png">
      <Filter>リソース ファイル</Filter>
    </Image>
    <Image Include="11\Assets\Radar.png">
      <Filter>リソース ファイル</Filter>
    </Image>
    <Image Include="11\Assets\Rifle.png">
      <Filter>リソース ファイル</Filter>
    </Image>
    <Image Include="11\Assets\Sphere.png">
      <Filter>リソース ファイル</Filter>
    </Image>
    <Image Include="11\Assets\Target.png">
      <Filter>リソース ファイル</Filter>
    </Image>
    <Image Include="11\Assets\Arrow.png">
      <Filter>リソース ファイル</Filter>
    </Image>
    <Image Include="11\Assets\Blip.png">
      <Filter>リソース ファイル</Filter>
    </Image>
    <Image Include="11\Assets\BlipDown.png">
      <Filter>リソース ファイル</Filter>
    </Image>
    <Image Include="11\Assets\BlipUp.png">
      <Filter>リソース ファイル</Filter>
    </Image>
    <Image Include="11\Assets\ButtonBlue.png">
      <Filter>リソース ファイル</Filter>
    </Image>
    <Image Include="11\Assets\ButtonYellow.png">
      <Filter>リソース ファイル</Filter>
    </Image>
    <Image Include="11\Assets\CrosshairGreen.png">
      <Filter>リソース ファイル</Filter>
    </Image>
    <Image Include="11\Assets\CrosshairRed.png">
      <Filter>リソース ファイル</Filter>
    </Image>
    <Image Include="11\Assets\DialogBG.png">
      <Filter>リソース ファイル</Filter>
    </Image>
    <Image Include="11\Assets\RadarArrow.png">
      <Filter>リソース ファイル</Filter>
    </Image>
  </ItemGroup>
  <ItemGroup>
    <None Include="11\Assets\Cube.gpmesh" />
    <None Include="11\Assets\Master Bank.bank" />
    <None Include="11\Assets\Master Bank.strings.bank" />
    <None Include="11\Assets\Plane.gpmesh" />
    <None Include="11\Assets\RacingCar.gpmesh" />
    <None Include="11\Assets\Rifle.gpmesh" />
    <None Include="11\Assets\Sphere.gpmesh" />
    <None Include="11\Assets\Target.gpmesh" />
    <None Include="11\Shaders\Basic.frag" />
    <None Include="11\Shaders\Basic.vert" />
    <None Include="11\Shaders\BasicMesh.frag" />
    <None Include="11\Shaders\BasicMesh.vert" />
    <None Include="11\Shaders\Phong.frag" />
    <None Include="11\Shaders\Phong.vert" />
    <None Include="11\Shaders\Sprite.frag" />
    <None Include="11\Shaders\Sprite.vert" />
    <None Include="11\Shaders\Transform.vert" />
    <None Include="11\Assets\English.gptext" />
    <None Include="11\Assets\Russian.gptext" />
  </ItemGroup>
  <ItemGroup>
    <ClCompile Include="11\Actor.cpp">
      <Filter>ソース ファイル</Filter>
    </ClCompile>
    <ClCompile Include="11\AudioComponent.cpp">
      <Filter>ソース ファイル</Filter>
    </ClCompile>
    <ClCompile Include="11\AudioSystem.cpp">
      <Filter>ソース ファイル</Filter>
    </ClCompile>
    <ClCompile Include="11\BallActor.cpp">
      <Filter>ソース ファイル</Filter>
    </ClCompile>
    <ClCompile Include="11\BallMove.cpp">
      <Filter>ソース ファイル</Filter>
    </ClCompile>
    <ClCompile Include="11\BoxComponent.cpp">
      <Filter>ソース ファイル</Filter>
    </ClCompile>
    <ClCompile Include="11\CameraComponent.cpp">
      <Filter>ソース ファイル</Filter>
    </ClCompile>
    <ClCompile Include="11\Collision.cpp">
      <Filter>ソース ファイル</Filter>
    </ClCompile>
    <ClCompile Include="11\Component.cpp">
      <Filter>ソース ファイル</Filter>
    </ClCompile>
    <ClCompile Include="11\FPSActor.cpp">
      <Filter>ソース ファイル</Filter>
    </ClCompile>
    <ClCompile Include="11\FPSCamera.cpp">
      <Filter>ソース ファイル</Filter>
    </ClCompile>
    <ClCompile Include="11\Game.cpp">
      <Filter>ソース ファイル</Filter>
    </ClCompile>
    <ClCompile Include="11\Main.cpp">
      <Filter>ソース ファイル</Filter>
    </ClCompile>
    <ClCompile Include="11\Math.cpp">
      <Filter>ソース ファイル</Filter>
    </ClCompile>
    <ClCompile Include="11\Mesh.cpp">
      <Filter>ソース ファイル</Filter>
    </ClCompile>
    <ClCompile Include="11\MeshComponent.cpp">
      <Filter>ソース ファイル</Filter>
    </ClCompile>
    <ClCompile Include="11\MoveComponent.cpp">
      <Filter>ソース ファイル</Filter>
    </ClCompile>
    <ClCompile Include="11\PhysWorld.cpp">
      <Filter>ソース ファイル</Filter>
    </ClCompile>
    <ClCompile Include="11\PlaneActor.cpp">
      <Filter>ソース ファイル</Filter>
    </ClCompile>
    <ClCompile Include="11\Random.cpp">
      <Filter>ソース ファイル</Filter>
    </ClCompile>
    <ClCompile Include="11\Renderer.cpp">
      <Filter>ソース ファイル</Filter>
    </ClCompile>
    <ClCompile Include="11\Shader.cpp">
      <Filter>ソース ファイル</Filter>
    </ClCompile>
    <ClCompile Include="11\SoundEvent.cpp">
      <Filter>ソース ファイル</Filter>
    </ClCompile>
    <ClCompile Include="11\SpriteComponent.cpp">
      <Filter>ソース ファイル</Filter>
    </ClCompile>
    <ClCompile Include="11\TargetActor.cpp">
      <Filter>ソース ファイル</Filter>
    </ClCompile>
    <ClCompile Include="11\Texture.cpp">
      <Filter>ソース ファイル</Filter>
    </ClCompile>
    <ClCompile Include="11\VertexArray.cpp">
      <Filter>ソース ファイル</Filter>
    </ClCompile>
    <ClCompile Include="11\DialogBox.cpp">
      <Filter>ソース ファイル</Filter>
    </ClCompile>
    <ClCompile Include="11\Font.cpp">
      <Filter>ソース ファイル</Filter>
    </ClCompile>
    <ClCompile Include="11\HUD.cpp">
      <Filter>ソース ファイル</Filter>
    </ClCompile>
    <ClCompile Include="11\PauseMenu.cpp">
      <Filter>ソース ファイル</Filter>
    </ClCompile>
    <ClCompile Include="11\TargetComponent.cpp">
      <Filter>ソース ファイル</Filter>
    </ClCompile>
    <ClCompile Include="11\UIScreen.cpp">
      <Filter>ソース ファイル</Filter>
    </ClCompile>
  </ItemGroup>
  <ItemGroup>
    <ClInclude Include="11\Actor.h">
      <Filter>ヘッダー ファイル</Filter>
    </ClInclude>
    <ClInclude Include="11\AudioComponent.h">
      <Filter>ヘッダー ファイル</Filter>
    </ClInclude>
    <ClInclude Include="11\AudioSystem.h">
      <Filter>ヘッダー ファイル</Filter>
    </ClInclude>
    <ClInclude Include="11\BallActor.h">
      <Filter>ヘッダー ファイル</Filter>
    </ClInclude>
    <ClInclude Include="11\BallMove.h">
      <Filter>ヘッダー ファイル</Filter>
    </ClInclude>
    <ClInclude Include="11\BoxComponent.h">
      <Filter>ヘッダー ファイル</Filter>
    </ClInclude>
    <ClInclude Include="11\CameraComponent.h">
      <Filter>ヘッダー ファイル</Filter>
    </ClInclude>
    <ClInclude Include="11\Collision.h">
      <Filter>ヘッダー ファイル</Filter>
    </ClInclude>
    <ClInclude Include="11\Component.h">
      <Filter>ヘッダー ファイル</Filter>
    </ClInclude>
    <ClInclude Include="11\FPSActor.h">
      <Filter>ヘッダー ファイル</Filter>
    </ClInclude>
    <ClInclude Include="11\FPSCamera.h">
      <Filter>ヘッダー ファイル</Filter>
    </ClInclude>
    <ClInclude Include="11\Game.h">
      <Filter>ヘッダー ファイル</Filter>
    </ClInclude>
    <ClInclude Include="11\Math.h">
      <Filter>ヘッダー ファイル</Filter>
    </ClInclude>
    <ClInclude Include="11\Mesh.h">
      <Filter>ヘッダー ファイル</Filter>
    </ClInclude>
    <ClInclude Include="11\MeshComponent.h">
      <Filter>ヘッダー ファイル</Filter>
    </ClInclude>
    <ClInclude Include="11\MoveComponent.h">
      <Filter>ヘッダー ファイル</Filter>
    </ClInclude>
    <ClInclude Include="11\PhysWorld.h">
      <Filter>ヘッダー ファイル</Filter>
    </ClInclude>
    <ClInclude Include="11\PlaneActor.h">
      <Filter>ヘッダー ファイル</Filter>
    </ClInclude>
    <ClInclude Include="11\Random.h">
      <Filter>ヘッダー ファイル</Filter>
    </ClInclude>
    <ClInclude Include="11\Renderer.h">
      <Filter>ヘッダー ファイル</Filter>
    </ClInclude>
    <ClInclude Include="11\Shader.h">
      <Filter>ヘッダー ファイル</Filter>
    </ClInclude>
    <ClInclude Include="11\SoundEvent.h">
      <Filter>ヘッダー ファイル</Filter>
    </ClInclude>
    <ClInclude Include="11\SpriteComponent.h">
      <Filter>ヘッダー ファイル</Filter>
    </ClInclude>
    <ClInclude Include="11\TargetActor.h">
      <Filter>ヘッダー ファイル</Filter>
    </ClInclude>
    <ClInclude Include="11\Texture.h">
      <Filter>ヘッダー ファイル</Filter>
    </ClInclude>
    <ClInclude Include="11\VertexArray.h">
      <Filter>ヘッダー ファイル</Filter>
    </ClInclude>
    <ClInclude Include="11\DialogBox.h">
      <Filter>ヘッダー ファイル</Filter>
    </ClInclude>
    <ClInclude Include="11\Font.h">
      <Filter>ヘッダー ファイル</Filter>
    </ClInclude>
    <ClInclude Include="11\HUD.h">
      <Filter>ヘッダー ファイル</Filter>
    </ClInclude>
    <ClInclude Include="11\PauseMenu.h">
      <Filter>ヘッダー ファイル</Filter>
    </ClInclude>
    <ClInclude Include="11\TargetComponent.h">
      <Filter>ヘッダー ファイル</Filter>
    </ClInclude>
    <ClInclude Include="11\UIScreen.h">
      <Filter>ヘッダー ファイル</Filter>
    </ClInclude>
  </ItemGroup>
  <ItemGroup>
    <Font Include="11\Assets\Carlito-Regular.ttf" />
  </ItemGroup>
</Project>